
Microsoft Visual Studio Solution File, Format Version 12.00
# Visual Studio Version 17
VisualStudioVersion = 17.0.31912.275
MinimumVisualStudioVersion = 10.0.40219.1
Project("{FAE04EC0-301F-11D3-BF4B-00C04F79EFBC}") = "PharmacyApi", "PharmacyApi\PharmacyApi.csproj", "{3F066095-4951-4072-9E68-A3D3C40968C2}"
EndProject
Project("{FAE04EC0-301F-11D3-BF4B-00C04F79EFBC}") = "PharmacyApi.Services", "PharmacyApi.Services\PharmacyApi.Services.csproj", "{AF941B9E-C816-4A1A-8A12-0D551FB3E939}"
EndProject
Project("{FAE04EC0-301F-11D3-BF4B-00C04F79EFBC}") = "PharmacyApi.Data", "PharmacyApi.Data\PharmacyApi.Data.csproj", "{6FABFE95-0F1B-431E-9AAD-3EEDE6CDF01E}"
EndProject
Global
	GlobalSection(SolutionConfigurationPlatforms) = preSolution
		Debug|Any CPU = Debug|Any CPU
		Release|Any CPU = Release|Any CPU
	EndGlobalSection
	GlobalSection(ProjectConfigurationPlatforms) = postSolution
		{3F066095-4951-4072-9E68-A3D3C40968C2}.Debug|Any CPU.ActiveCfg = Debug|Any CPU
		{3F066095-4951-4072-9E68-A3D3C40968C2}.Debug|Any CPU.Build.0 = Debug|Any CPU
		{3F066095-4951-4072-9E68-A3D3C40968C2}.Release|Any CPU.ActiveCfg = Release|Any CPU
		{3F066095-4951-4072-9E68-A3D3C40968C2}.Release|Any CPU.Build.0 = Release|Any CPU
		{AF941B9E-C816-4A1A-8A12-0D551FB3E939}.Debug|Any CPU.ActiveCfg = Debug|Any CPU
		{AF941B9E-C816-4A1A-8A12-0D551FB3E939}.Debug|Any CPU.Build.0 = Debug|Any CPU
		{AF941B9E-C816-4A1A-8A12-0D551FB3E939}.Release|Any CPU.ActiveCfg = Release|Any CPU
		{AF941B9E-C816-4A1A-8A12-0D551FB3E939}.Release|Any CPU.Build.0 = Release|Any CPU
		{6FABFE95-0F1B-431E-9AAD-3EEDE6CDF01E}.Debug|Any CPU.ActiveCfg = Debug|Any CPU
		{6FABFE95-0F1B-431E-9AAD-3EEDE6CDF01E}.Debug|Any CPU.Build.0 = Debug|Any CPU
		{6FABFE95-0F1B-431E-9AAD-3EEDE6CDF01E}.Release|Any CPU.ActiveCfg = Release|Any CPU
		{6FABFE95-0F1B-431E-9AAD-3EEDE6CDF01E}.Release|Any CPU.Build.0 = Release|Any CPU
	EndGlobalSection
	GlobalSection(SolutionProperties) = preSolution
		HideSolutionNode = FALSE
	EndGlobalSection
	GlobalSection(ExtensibilityGlobals) = postSolution
		SolutionGuid = {8CF14B87-F742-4120-A55B-95FC992B6EB6}
	EndGlobalSection
EndGlobal
